
Microsoft Visual Studio Solution File, Format Version 12.00
# Visual Studio 15
Project("{FAE04EC0-301F-11D3-BF4B-00C04F79EFBC}") = "PayrollProject", "PayrollProject\PayrollProject.csproj", "{0D12C961-2D33-4C58-9B0D-63E843201E7F}"
EndProject
Global
	GlobalSection(SolutionConfigurationPlatforms) = preSolution
		Debug|Any CPU = Debug|Any CPU
		Release|Any CPU = Release|Any CPU
	EndGlobalSection
	GlobalSection(ProjectConfigurationPlatforms) = postSolution
		{0D12C961-2D33-4C58-9B0D-63E843201E7F}.Debug|Any CPU.ActiveCfg = Debug|Any CPU
		{0D12C961-2D33-4C58-9B0D-63E843201E7F}.Debug|Any CPU.Build.0 = Debug|Any CPU
		{0D12C961-2D33-4C58-9B0D-63E843201E7F}.Release|Any CPU.ActiveCfg = Release|Any CPU
		{0D12C961-2D33-4C58-9B0D-63E843201E7F}.Release|Any CPU.Build.0 = Release|Any CPU
	EndGlobalSection
EndGlobal
